// !$*UTF8*$!
{
	archiveVersion = 1;
	classes = {
	};
	objectVersion = 56;
	objects = {

/* Begin PBXBuildFile section */
		4233D2FD2F4DB52500B948FA /* GarageLogView.swift in Sources */ = {isa = PBXBuildFile; fileRef = 4233D2FC2F4DB52500B948FA /* GarageLogView.swift */; };
		4233D2FF2F4DB65B00B948FA /* MissionControl.swift in Sources */ = {isa = PBXBuildFile; fileRef = 4233D2FE2F4DB65B00B948FA /* MissionControl.swift */; };
		4233D3012F4DB68400B948FA /* MissionView.swift in Sources */ = {isa = PBXBuildFile; fileRef = 4233D3002F4DB68400B948FA /* MissionView.swift */; };
		4233D3032F4DB93300B948FA /* TireWearManager.swift in Sources */ = {isa = PBXBuildFile; fileRef = 4233D3022F4DB93300B948FA /* TireWearManager.swift */; };
		4233D3052F4DB96500B948FA /* TireWearView.swift in Sources */ = {isa = PBXBuildFile; fileRef = 4233D3042F4DB96500B948FA /* TireWearView.swift */; };
		4233D3072F4DBAA000B948FA /* ChassisView.swift in Sources */ = {isa = PBXBuildFile; fileRef = 4233D3062F4DBAA000B948FA /* ChassisView.swift */; };
		4233D3092F4DBAC100B948FA /* PitStopView.swift in Sources */ = {isa = PBXBuildFile; fileRef = 4233D3082F4DBAC100B948FA /* PitStopView.swift */; };
		4233D30D2F4DC0B900B948FA /* ReadinessGauge.swift in Sources */ = {isa = PBXBuildFile; fileRef = 4233D30C2F4DC0B900B948FA /* ReadinessGauge.swift */; };
		4233D30F2F4DC7FB00B948FA /* PaddockView.swift in Sources */ = {isa = PBXBuildFile; fileRef = 4233D30E2F4DC7FB00B948FA /* PaddockView.swift */; };
		4233D3122F4DC87200B948FA /* MetricCard.swift in Sources */ = {isa = PBXBuildFile; fileRef = 4233D3112F4DC87200B948FA /* MetricCard.swift */; };
		4233D3142F4DC8D300B948FA /* PerrformanceConstants.swift in Sources */ = {isa = PBXBuildFile; fileRef = 4233D3132F4DC8D300B948FA /* PerrformanceConstants.swift */; };
		4233D3162F4DC98F00B948FA /* DashboardMenuButton.swift in Sources */ = {isa = PBXBuildFile; fileRef = 4233D3152F4DC98F00B948FA /* DashboardMenuButton.swift */; };
		4233D3182F4DC9A100B948FA /* MetricSlider.swift in Sources */ = {isa = PBXBuildFile; fileRef = 4233D3172F4DC9A100B948FA /* MetricSlider.swift */; };
		4233D31B2F4DC9D600B948FA /* ColorTheme.swift in Sources */ = {isa = PBXBuildFile; fileRef = 4233D31A2F4DC9D600B948FA /* ColorTheme.swift */; };
		4233D3212F4DD95000B948FA /* TelemetryComponents.swift in Sources */ = {isa = PBXBuildFile; fileRef = 4233D3202F4DD95000B948FA /* TelemetryComponents.swift */; };
		4233D3252F4DDAB200B948FA /* TrainingProtocols.swift in Sources */ = {isa = PBXBuildFile; fileRef = 4233D3242F4DDAB200B948FA /* TrainingProtocols.swift */; };
		4233D3272F4DDAE600B948FA /* MissionCard.swift in Sources */ = {isa = PBXBuildFile; fileRef = 4233D3262F4DDAE600B948FA /* MissionCard.swift */; };
		4233D32D2F4DDC5700B948FA /* PerformanceEngine.swift in Sources */ = {isa = PBXBuildFile; fileRef = 4233D32C2F4DDC5700B948FA /* PerformanceEngine.swift */; };
		4233D32F2F4DDC7500B948FA /* EfficiencyCoefficientCard.swift in Sources */ = {isa = PBXBuildFile; fileRef = 4233D32E2F4DDC7500B948FA /* EfficiencyCoefficientCard.swift */; };
		4233D3312F4DEBC000B948FA /* ReadinessMetricCard.swift in Sources */ = {isa = PBXBuildFile; fileRef = 4233D3302F4DEBC000B948FA /* ReadinessMetricCard.swift */; };
		42342F122F4F022F005F1CD3 /* ChassisSnapshot.swift in Sources */ = {isa = PBXBuildFile; fileRef = 42342F112F4F0223005F1CD3 /* ChassisSnapshot.swift */; };
		42342F142F4F02F2005F1CD3 /* SystemAlertManager.swift in Sources */ = {isa = PBXBuildFile; fileRef = 42342F132F4F02EA005F1CD3 /* SystemAlertManager.swift */; };
		425C58722F4F0BF200EFBA4A /* hmPlan.csv in Resources */ = {isa = PBXBuildFile; fileRef = 425C58712F4F0BF200EFBA4A /* hmPlan.csv */; };
		425C58742F4F0C2300EFBA4A /* CSVParserEngine.swift in Sources */ = {isa = PBXBuildFile; fileRef = 425C58732F4F0C1F00EFBA4A /* CSVParserEngine.swift */; };
		425C58762F4F0F3C00EFBA4A /* MacroCycleView.swift in Sources */ = {isa = PBXBuildFile; fileRef = 425C58752F4F0F3600EFBA4A /* MacroCycleView.swift */; };
		425C58782F4F13C300EFBA4A /* MissionDetailView.swift in Sources */ = {isa = PBXBuildFile; fileRef = 425C58772F4F13C000EFBA4A /* MissionDetailView.swift */; };
		425C587A2F4F353400EFBA4A /* KineticSession.swift in Sources */ = {isa = PBXBuildFile; fileRef = 425C58792F4F351E00EFBA4A /* KineticSession.swift */; };
		425C587C2F4F6D4800EFBA4A /* roadmap.md in Resources */ = {isa = PBXBuildFile; fileRef = 425C587B2F4F6D3500EFBA4A /* roadmap.md */; };
		425C587E2F4F711B00EFBA4A /* TacticalStatusHeader.swift in Sources */ = {isa = PBXBuildFile; fileRef = 425C587D2F4F711700EFBA4A /* TacticalStatusHeader.swift */; };
		425C58802F4F713E00EFBA4A /* BiometricMiniCard.swift in Sources */ = {isa = PBXBuildFile; fileRef = 425C587F2F4F713B00EFBA4A /* BiometricMiniCard.swift */; };
		425C58822F4F716200EFBA4A /* ReadinessBatteryBar.swift in Sources */ = {isa = PBXBuildFile; fileRef = 425C58812F4F716100EFBA4A /* ReadinessBatteryBar.swift */; };
		425C58842F4F719200EFBA4A /* ManualTelemetrySheet.swift in Sources */ = {isa = PBXBuildFile; fileRef = 425C58832F4F718D00EFBA4A /* ManualTelemetrySheet.swift */; };
		425C58882F4F751C00EFBA4A /* ReadinessTrendChart.swift in Sources */ = {isa = PBXBuildFile; fileRef = 425C58872F4F751500EFBA4A /* ReadinessTrendChart.swift */; };
		425C588A2F4F799800EFBA4A /* TelemetryChartCard.swift in Sources */ = {isa = PBXBuildFile; fileRef = 425C58892F4F799400EFBA4A /* TelemetryChartCard.swift */; };
		42B884D52F4C941A00A50290 /* DragsterOSApp.swift in Sources */ = {isa = PBXBuildFile; fileRef = 42B884D42F4C941A00A50290 /* DragsterOSApp.swift */; };
		42B884DA2F4C941A00A50290 /* DragsterOS.xcdatamodeld in Sources */ = {isa = PBXBuildFile; fileRef = 42B884D82F4C941A00A50290 /* DragsterOS.xcdatamodeld */; };
		42B884DC2F4C941A00A50290 /* ContentView.swift in Sources */ = {isa = PBXBuildFile; fileRef = 42B884DB2F4C941A00A50290 /* ContentView.swift */; };
		42B884DE2F4C942100A50290 /* Assets.xcassets in Resources */ = {isa = PBXBuildFile; fileRef = 42B884DD2F4C942100A50290 /* Assets.xcassets */; };
		42B884E22F4C942100A50290 /* Preview Assets.xcassets in Resources */ = {isa = PBXBuildFile; fileRef = 42B884E12F4C942100A50290 /* Preview Assets.xcassets */; };
		42B884E92F4C946300A50290 /* ReadinessEngine.swift in Sources */ = {isa = PBXBuildFile; fileRef = 42B884E82F4C946300A50290 /* ReadinessEngine.swift */; };
		42B884EF2F4CE28300A50290 /* HealthKitManager.swift in Sources */ = {isa = PBXBuildFile; fileRef = 42B884EE2F4CE28300A50290 /* HealthKitManager.swift */; };
		42FAD52B2F4EF8190049BFEF /* .gitignore in Resources */ = {isa = PBXBuildFile; fileRef = 42FAD52A2F4EF80A0049BFEF /* .gitignore */; };
		42FAD52D2F4EF9450049BFEF /* TelemetryLog.swift in Sources */ = {isa = PBXBuildFile; fileRef = 42FAD52C2F4EF9340049BFEF /* TelemetryLog.swift */; };
		42FAD52F2F4EFAEF0049BFEF /* DashboardView.swift in Sources */ = {isa = PBXBuildFile; fileRef = 42FAD52E2F4EFAE80049BFEF /* DashboardView.swift */; };
		42FAD5312F4EFD760049BFEF /* RunningShoe.swift in Sources */ = {isa = PBXBuildFile; fileRef = 42FAD5302F4EFD6F0049BFEF /* RunningShoe.swift */; };
/* End PBXBuildFile section */

/* Begin PBXFileReference section */
		4233D2FC2F4DB52500B948FA /* GarageLogView.swift */ = {isa = PBXFileReference; lastKnownFileType = sourcecode.swift; path = GarageLogView.swift; sourceTree = "<group>"; };
		4233D2FE2F4DB65B00B948FA /* MissionControl.swift */ = {isa = PBXFileReference; lastKnownFileType = sourcecode.swift; path = MissionControl.swift; sourceTree = "<group>"; };
		4233D3002F4DB68400B948FA /* MissionView.swift */ = {isa = PBXFileReference; lastKnownFileType = sourcecode.swift; path = MissionView.swift; sourceTree = "<group>"; };
		4233D3022F4DB93300B948FA /* TireWearManager.swift */ = {isa = PBXFileReference; lastKnownFileType = sourcecode.swift; path = TireWearManager.swift; sourceTree = "<group>"; };
		4233D3042F4DB96500B948FA /* TireWearView.swift */ = {isa = PBXFileReference; lastKnownFileType = sourcecode.swift; path = TireWearView.swift; sourceTree = "<group>"; };
		4233D3062F4DBAA000B948FA /* ChassisView.swift */ = {isa = PBXFileReference; lastKnownFileType = sourcecode.swift; path = ChassisView.swift; sourceTree = "<group>"; };
		4233D3082F4DBAC100B948FA /* PitStopView.swift */ = {isa = PBXFileReference; lastKnownFileType = sourcecode.swift; path = PitStopView.swift; sourceTree = "<group>"; };
		4233D30C2F4DC0B900B948FA /* ReadinessGauge.swift */ = {isa = PBXFileReference; lastKnownFileType = sourcecode.swift; path = ReadinessGauge.swift; sourceTree = "<group>"; };
		4233D30E2F4DC7FB00B948FA /* PaddockView.swift */ = {isa = PBXFileReference; lastKnownFileType = sourcecode.swift; path = PaddockView.swift; sourceTree = "<group>"; };
		4233D3112F4DC87200B948FA /* MetricCard.swift */ = {isa = PBXFileReference; lastKnownFileType = sourcecode.swift; path = MetricCard.swift; sourceTree = "<group>"; };
		4233D3132F4DC8D300B948FA /* PerrformanceConstants.swift */ = {isa = PBXFileReference; lastKnownFileType = sourcecode.swift; path = PerrformanceConstants.swift; sourceTree = "<group>"; };
		4233D3152F4DC98F00B948FA /* DashboardMenuButton.swift */ = {isa = PBXFileReference; lastKnownFileType = sourcecode.swift; path = DashboardMenuButton.swift; sourceTree = "<group>"; };
		4233D3172F4DC9A100B948FA /* MetricSlider.swift */ = {isa = PBXFileReference; lastKnownFileType = sourcecode.swift; path = MetricSlider.swift; sourceTree = "<group>"; };
		4233D31A2F4DC9D600B948FA /* ColorTheme.swift */ = {isa = PBXFileReference; lastKnownFileType = sourcecode.swift; path = ColorTheme.swift; sourceTree = "<group>"; };
		4233D3202F4DD95000B948FA /* TelemetryComponents.swift */ = {isa = PBXFileReference; lastKnownFileType = sourcecode.swift; path = TelemetryComponents.swift; sourceTree = "<group>"; };
		4233D3242F4DDAB200B948FA /* TrainingProtocols.swift */ = {isa = PBXFileReference; lastKnownFileType = sourcecode.swift; path = TrainingProtocols.swift; sourceTree = "<group>"; };
		4233D3262F4DDAE600B948FA /* MissionCard.swift */ = {isa = PBXFileReference; lastKnownFileType = sourcecode.swift; path = MissionCard.swift; sourceTree = "<group>"; };
		4233D32C2F4DDC5700B948FA /* PerformanceEngine.swift */ = {isa = PBXFileReference; lastKnownFileType = sourcecode.swift; path = PerformanceEngine.swift; sourceTree = "<group>"; };
		4233D32E2F4DDC7500B948FA /* EfficiencyCoefficientCard.swift */ = {isa = PBXFileReference; lastKnownFileType = sourcecode.swift; path = EfficiencyCoefficientCard.swift; sourceTree = "<group>"; };
		4233D3302F4DEBC000B948FA /* ReadinessMetricCard.swift */ = {isa = PBXFileReference; lastKnownFileType = sourcecode.swift; path = ReadinessMetricCard.swift; sourceTree = "<group>"; };
		42342F112F4F0223005F1CD3 /* ChassisSnapshot.swift */ = {isa = PBXFileReference; lastKnownFileType = sourcecode.swift; path = ChassisSnapshot.swift; sourceTree = "<group>"; };
		42342F132F4F02EA005F1CD3 /* SystemAlertManager.swift */ = {isa = PBXFileReference; lastKnownFileType = sourcecode.swift; path = SystemAlertManager.swift; sourceTree = "<group>"; };
		425C58712F4F0BF200EFBA4A /* hmPlan.csv */ = {isa = PBXFileReference; lastKnownFileType = text; path = hmPlan.csv; sourceTree = "<group>"; };
		425C58732F4F0C1F00EFBA4A /* CSVParserEngine.swift */ = {isa = PBXFileReference; lastKnownFileType = sourcecode.swift; path = CSVParserEngine.swift; sourceTree = "<group>"; };
		425C58752F4F0F3600EFBA4A /* MacroCycleView.swift */ = {isa = PBXFileReference; lastKnownFileType = sourcecode.swift; path = MacroCycleView.swift; sourceTree = "<group>"; };
		425C58772F4F13C000EFBA4A /* MissionDetailView.swift */ = {isa = PBXFileReference; lastKnownFileType = sourcecode.swift; path = MissionDetailView.swift; sourceTree = "<group>"; };
		425C58792F4F351E00EFBA4A /* KineticSession.swift */ = {isa = PBXFileReference; lastKnownFileType = sourcecode.swift; path = KineticSession.swift; sourceTree = "<group>"; };
		425C587B2F4F6D3500EFBA4A /* roadmap.md */ = {isa = PBXFileReference; lastKnownFileType = net.daringfireball.markdown; path = roadmap.md; sourceTree = "<group>"; };
		425C587D2F4F711700EFBA4A /* TacticalStatusHeader.swift */ = {isa = PBXFileReference; lastKnownFileType = sourcecode.swift; path = TacticalStatusHeader.swift; sourceTree = "<group>"; };
		425C587F2F4F713B00EFBA4A /* BiometricMiniCard.swift */ = {isa = PBXFileReference; lastKnownFileType = sourcecode.swift; path = BiometricMiniCard.swift; sourceTree = "<group>"; };
		425C58812F4F716100EFBA4A /* ReadinessBatteryBar.swift */ = {isa = PBXFileReference; lastKnownFileType = sourcecode.swift; path = ReadinessBatteryBar.swift; sourceTree = "<group>"; };
		425C58832F4F718D00EFBA4A /* ManualTelemetrySheet.swift */ = {isa = PBXFileReference; lastKnownFileType = sourcecode.swift; path = ManualTelemetrySheet.swift; sourceTree = "<group>"; };
		425C58872F4F751500EFBA4A /* ReadinessTrendChart.swift */ = {isa = PBXFileReference; lastKnownFileType = sourcecode.swift; path = ReadinessTrendChart.swift; sourceTree = "<group>"; };
		425C58892F4F799400EFBA4A /* TelemetryChartCard.swift */ = {isa = PBXFileReference; lastKnownFileType = sourcecode.swift; path = TelemetryChartCard.swift; sourceTree = "<group>"; };
		42B884D12F4C941A00A50290 /* DragsterOS.app */ = {isa = PBXFileReference; explicitFileType = wrapper.application; includeInIndex = 0; path = DragsterOS.app; sourceTree = BUILT_PRODUCTS_DIR; };
		42B884D42F4C941A00A50290 /* DragsterOSApp.swift */ = {isa = PBXFileReference; lastKnownFileType = sourcecode.swift; path = DragsterOSApp.swift; sourceTree = "<group>"; };
		42B884D92F4C941A00A50290 /* DragsterOS.xcdatamodel */ = {isa = PBXFileReference; lastKnownFileType = wrapper.xcdatamodel; path = DragsterOS.xcdatamodel; sourceTree = "<group>"; };
		42B884DB2F4C941A00A50290 /* ContentView.swift */ = {isa = PBXFileReference; lastKnownFileType = sourcecode.swift; path = ContentView.swift; sourceTree = "<group>"; };
		42B884DD2F4C942100A50290 /* Assets.xcassets */ = {isa = PBXFileReference; lastKnownFileType = folder.assetcatalog; path = Assets.xcassets; sourceTree = "<group>"; };
		42B884DF2F4C942100A50290 /* DragsterOS.entitlements */ = {isa = PBXFileReference; lastKnownFileType = text.plist.entitlements; path = DragsterOS.entitlements; sourceTree = "<group>"; };
		42B884E12F4C942100A50290 /* Preview Assets.xcassets */ = {isa = PBXFileReference; lastKnownFileType = folder.assetcatalog; path = "Preview Assets.xcassets"; sourceTree = "<group>"; };
		42B884E82F4C946300A50290 /* ReadinessEngine.swift */ = {isa = PBXFileReference; lastKnownFileType = sourcecode.swift; path = ReadinessEngine.swift; sourceTree = "<group>"; };
		42B884EE2F4CE28300A50290 /* HealthKitManager.swift */ = {isa = PBXFileReference; lastKnownFileType = sourcecode.swift; path = HealthKitManager.swift; sourceTree = "<group>"; };
		42FAD52A2F4EF80A0049BFEF /* .gitignore */ = {isa = PBXFileReference; lastKnownFileType = text; path = .gitignore; sourceTree = "<group>"; };
		42FAD52C2F4EF9340049BFEF /* TelemetryLog.swift */ = {isa = PBXFileReference; lastKnownFileType = sourcecode.swift; path = TelemetryLog.swift; sourceTree = "<group>"; };
		42FAD52E2F4EFAE80049BFEF /* DashboardView.swift */ = {isa = PBXFileReference; lastKnownFileType = sourcecode.swift; path = DashboardView.swift; sourceTree = "<group>"; };
		42FAD5302F4EFD6F0049BFEF /* RunningShoe.swift */ = {isa = PBXFileReference; lastKnownFileType = sourcecode.swift; path = RunningShoe.swift; sourceTree = "<group>"; };
/* End PBXFileReference section */

/* Begin PBXFrameworksBuildPhase section */
		42B884CE2F4C941A00A50290 /* Frameworks */ = {
			isa = PBXFrameworksBuildPhase;
			buildActionMask = 2147483647;
			files = (
			);
			runOnlyForDeploymentPostprocessing = 0;
		};
/* End PBXFrameworksBuildPhase section */

/* Begin PBXGroup section */
		4233D3102F4DC81100B948FA /* Components */ = {
			isa = PBXGroup;
			children = (
				425C58892F4F799400EFBA4A /* TelemetryChartCard.swift */,
				425C58872F4F751500EFBA4A /* ReadinessTrendChart.swift */,
				425C58832F4F718D00EFBA4A /* ManualTelemetrySheet.swift */,
				425C58812F4F716100EFBA4A /* ReadinessBatteryBar.swift */,
				425C587F2F4F713B00EFBA4A /* BiometricMiniCard.swift */,
				425C587D2F4F711700EFBA4A /* TacticalStatusHeader.swift */,
				425C58772F4F13C000EFBA4A /* MissionDetailView.swift */,
				4233D3112F4DC87200B948FA /* MetricCard.swift */,
				4233D3132F4DC8D300B948FA /* PerrformanceConstants.swift */,
				4233D3152F4DC98F00B948FA /* DashboardMenuButton.swift */,
				4233D3172F4DC9A100B948FA /* MetricSlider.swift */,
				4233D3262F4DDAE600B948FA /* MissionCard.swift */,
				4233D32E2F4DDC7500B948FA /* EfficiencyCoefficientCard.swift */,
				4233D3302F4DEBC000B948FA /* ReadinessMetricCard.swift */,
			);
			path = Components;
			sourceTree = "<group>";
		};
		4233D3192F4DC9B400B948FA /* Theme */ = {
			isa = PBXGroup;
			children = (
				4233D31A2F4DC9D600B948FA /* ColorTheme.swift */,
			);
			path = Theme;
			sourceTree = "<group>";
		};
		4233D31D2F4DD8EC00B948FA /* Models */ = {
			isa = PBXGroup;
			children = (
				425C58792F4F351E00EFBA4A /* KineticSession.swift */,
				42342F112F4F0223005F1CD3 /* ChassisSnapshot.swift */,
				42FAD5302F4EFD6F0049BFEF /* RunningShoe.swift */,
				42FAD52C2F4EF9340049BFEF /* TelemetryLog.swift */,
			);
			path = Models;
			sourceTree = "<group>";
		};
		42B884C82F4C941A00A50290 = {
			isa = PBXGroup;
			children = (
				42FAD52A2F4EF80A0049BFEF /* .gitignore */,
				42B884D32F4C941A00A50290 /* DragsterOS */,
				42B884D22F4C941A00A50290 /* Products */,
				425C58712F4F0BF200EFBA4A /* hmPlan.csv */,
			);
			sourceTree = "<group>";
		};
		42B884D22F4C941A00A50290 /* Products */ = {
			isa = PBXGroup;
			children = (
				42B884D12F4C941A00A50290 /* DragsterOS.app */,
			);
			name = Products;
			sourceTree = "<group>";
		};
		42B884D32F4C941A00A50290 /* DragsterOS */ = {
			isa = PBXGroup;
			children = (
				425C58752F4F0F3600EFBA4A /* MacroCycleView.swift */,
				425C58732F4F0C1F00EFBA4A /* CSVParserEngine.swift */,
				42342F132F4F02EA005F1CD3 /* SystemAlertManager.swift */,
				42FAD52E2F4EFAE80049BFEF /* DashboardView.swift */,
				4233D31D2F4DD8EC00B948FA /* Models */,
				4233D3192F4DC9B400B948FA /* Theme */,
				4233D3102F4DC81100B948FA /* Components */,
				42B884D42F4C941A00A50290 /* DragsterOSApp.swift */,
				42B884EE2F4CE28300A50290 /* HealthKitManager.swift */,
				42B884DB2F4C941A00A50290 /* ContentView.swift */,
				42B884E82F4C946300A50290 /* ReadinessEngine.swift */,
				4233D30C2F4DC0B900B948FA /* ReadinessGauge.swift */,
				42B884DD2F4C942100A50290 /* Assets.xcassets */,
				42B884DF2F4C942100A50290 /* DragsterOS.entitlements */,
				42B884D82F4C941A00A50290 /* DragsterOS.xcdatamodeld */,
				42B884E02F4C942100A50290 /* Preview Content */,
				4233D2FC2F4DB52500B948FA /* GarageLogView.swift */,
				425C587B2F4F6D3500EFBA4A /* roadmap.md */,
				4233D2FE2F4DB65B00B948FA /* MissionControl.swift */,
				4233D3002F4DB68400B948FA /* MissionView.swift */,
				4233D3022F4DB93300B948FA /* TireWearManager.swift */,
				4233D3042F4DB96500B948FA /* TireWearView.swift */,
				4233D3062F4DBAA000B948FA /* ChassisView.swift */,
				4233D3082F4DBAC100B948FA /* PitStopView.swift */,
				4233D30E2F4DC7FB00B948FA /* PaddockView.swift */,
				4233D3202F4DD95000B948FA /* TelemetryComponents.swift */,
				4233D3242F4DDAB200B948FA /* TrainingProtocols.swift */,
				4233D32C2F4DDC5700B948FA /* PerformanceEngine.swift */,
			);
			path = DragsterOS;
			sourceTree = "<group>";
		};
		42B884E02F4C942100A50290 /* Preview Content */ = {
			isa = PBXGroup;
			children = (
				42B884E12F4C942100A50290 /* Preview Assets.xcassets */,
			);
			path = "Preview Content";
			sourceTree = "<group>";
		};
/* End PBXGroup section */

/* Begin PBXNativeTarget section */
		42B884D02F4C941A00A50290 /* DragsterOS */ = {
			isa = PBXNativeTarget;
			buildConfigurationList = 42B884E52F4C942100A50290 /* Build configuration list for PBXNativeTarget "DragsterOS" */;
			buildPhases = (
				42B884CD2F4C941A00A50290 /* Sources */,
				42B884CE2F4C941A00A50290 /* Frameworks */,
				42B884CF2F4C941A00A50290 /* Resources */,
			);
			buildRules = (
			);
			dependencies = (
			);
			name = DragsterOS;
			productName = DragsterOS;
			productReference = 42B884D12F4C941A00A50290 /* DragsterOS.app */;
			productType = "com.apple.product-type.application";
		};
/* End PBXNativeTarget section */

/* Begin PBXProject section */
		42B884C92F4C941A00A50290 /* Project object */ = {
			isa = PBXProject;
			attributes = {
				BuildIndependentTargetsInParallel = 1;
				LastSwiftUpdateCheck = 1420;
				LastUpgradeCheck = 1600;
				TargetAttributes = {
					42B884D02F4C941A00A50290 = {
						CreatedOnToolsVersion = 14.2;
					};
				};
			};
			buildConfigurationList = 42B884CC2F4C941A00A50290 /* Build configuration list for PBXProject "DragsterOS" */;
			compatibilityVersion = "Xcode 14.0";
			developmentRegion = en;
			hasScannedForEncodings = 0;
			knownRegions = (
				en,
				Base,
			);
			mainGroup = 42B884C82F4C941A00A50290;
			productRefGroup = 42B884D22F4C941A00A50290 /* Products */;
			projectDirPath = "";
			projectRoot = "";
			targets = (
				42B884D02F4C941A00A50290 /* DragsterOS */,
			);
		};
/* End PBXProject section */

/* Begin PBXResourcesBuildPhase section */
		42B884CF2F4C941A00A50290 /* Resources */ = {
			isa = PBXResourcesBuildPhase;
			buildActionMask = 2147483647;
			files = (
				425C58722F4F0BF200EFBA4A /* hmPlan.csv in Resources */,
				425C587C2F4F6D4800EFBA4A /* roadmap.md in Resources */,
				42B884E22F4C942100A50290 /* Preview Assets.xcassets in Resources */,
				42FAD52B2F4EF8190049BFEF /* .gitignore in Resources */,
				42B884DE2F4C942100A50290 /* Assets.xcassets in Resources */,
			);
			runOnlyForDeploymentPostprocessing = 0;
		};
/* End PBXResourcesBuildPhase section */

/* Begin PBXSourcesBuildPhase section */
		42B884CD2F4C941A00A50290 /* Sources */ = {
			isa = PBXSourcesBuildPhase;
			buildActionMask = 2147483647;
			files = (
				42B884DA2F4C941A00A50290 /* DragsterOS.xcdatamodeld in Sources */,
				425C58782F4F13C300EFBA4A /* MissionDetailView.swift in Sources */,
				4233D3032F4DB93300B948FA /* TireWearManager.swift in Sources */,
				4233D30D2F4DC0B900B948FA /* ReadinessGauge.swift in Sources */,
				42B884EF2F4CE28300A50290 /* HealthKitManager.swift in Sources */,
				425C58822F4F716200EFBA4A /* ReadinessBatteryBar.swift in Sources */,
				4233D32D2F4DDC5700B948FA /* PerformanceEngine.swift in Sources */,
				4233D32F2F4DDC7500B948FA /* EfficiencyCoefficientCard.swift in Sources */,
				425C587E2F4F711B00EFBA4A /* TacticalStatusHeader.swift in Sources */,
				42342F142F4F02F2005F1CD3 /* SystemAlertManager.swift in Sources */,
				42B884D52F4C941A00A50290 /* DragsterOSApp.swift in Sources */,
				4233D3072F4DBAA000B948FA /* ChassisView.swift in Sources */,
				4233D3212F4DD95000B948FA /* TelemetryComponents.swift in Sources */,
				4233D3092F4DBAC100B948FA /* PitStopView.swift in Sources */,
				4233D2FD2F4DB52500B948FA /* GarageLogView.swift in Sources */,
				425C58762F4F0F3C00EFBA4A /* MacroCycleView.swift in Sources */,
				4233D3312F4DEBC000B948FA /* ReadinessMetricCard.swift in Sources */,
				42FAD52F2F4EFAEF0049BFEF /* DashboardView.swift in Sources */,
				4233D3142F4DC8D300B948FA /* PerrformanceConstants.swift in Sources */,
				42FAD52D2F4EF9450049BFEF /* TelemetryLog.swift in Sources */,
				4233D3182F4DC9A100B948FA /* MetricSlider.swift in Sources */,
				425C58742F4F0C2300EFBA4A /* CSVParserEngine.swift in Sources */,
				4233D3012F4DB68400B948FA /* MissionView.swift in Sources */,
				4233D3122F4DC87200B948FA /* MetricCard.swift in Sources */,
				425C58802F4F713E00EFBA4A /* BiometricMiniCard.swift in Sources */,
				425C58842F4F719200EFBA4A /* ManualTelemetrySheet.swift in Sources */,
				425C588A2F4F799800EFBA4A /* TelemetryChartCard.swift in Sources */,
				425C587A2F4F353400EFBA4A /* KineticSession.swift in Sources */,
				425C58882F4F751C00EFBA4A /* ReadinessTrendChart.swift in Sources */,
				4233D3272F4DDAE600B948FA /* MissionCard.swift in Sources */,
				42B884DC2F4C941A00A50290 /* ContentView.swift in Sources */,
				4233D30F2F4DC7FB00B948FA /* PaddockView.swift in Sources */,
				4233D3052F4DB96500B948FA /* TireWearView.swift in Sources */,
				4233D2FF2F4DB65B00B948FA /* MissionControl.swift in Sources */,
				4233D3162F4DC98F00B948FA /* DashboardMenuButton.swift in Sources */,
				4233D31B2F4DC9D600B948FA /* ColorTheme.swift in Sources */,
				42FAD5312F4EFD760049BFEF /* RunningShoe.swift in Sources */,
				42342F122F4F022F005F1CD3 /* ChassisSnapshot.swift in Sources */,
				4233D3252F4DDAB200B948FA /* TrainingProtocols.swift in Sources */,
				42B884E92F4C946300A50290 /* ReadinessEngine.swift in Sources */,
			);
			runOnlyForDeploymentPostprocessing = 0;
		};
/* End PBXSourcesBuildPhase section */

/* Begin XCBuildConfiguration section */
		42B884E32F4C942100A50290 /* Debug */ = {
			isa = XCBuildConfiguration;
			buildSettings = {
				ALWAYS_SEARCH_USER_PATHS = NO;
				ASSETCATALOG_COMPILER_GENERATE_SWIFT_ASSET_SYMBOL_EXTENSIONS = YES;
				CLANG_ANALYZER_NONNULL = YES;
				CLANG_ANALYZER_NUMBER_OBJECT_CONVERSION = YES_AGGRESSIVE;
				CLANG_CXX_LANGUAGE_STANDARD = "gnu++20";
				CLANG_ENABLE_MODULES = YES;
				CLANG_ENABLE_OBJC_ARC = YES;
				CLANG_ENABLE_OBJC_WEAK = YES;
				CLANG_WARN_BLOCK_CAPTURE_AUTORELEASING = YES;
				CLANG_WARN_BOOL_CONVERSION = YES;
				CLANG_WARN_COMMA = YES;
				CLANG_WARN_CONSTANT_CONVERSION = YES;
				CLANG_WARN_DEPRECATED_OBJC_IMPLEMENTATIONS = YES;
				CLANG_WARN_DIRECT_OBJC_ISA_USAGE = YES_ERROR;
				CLANG_WARN_DOCUMENTATION_COMMENTS = YES;
				CLANG_WARN_EMPTY_BODY = YES;
				CLANG_WARN_ENUM_CONVERSION = YES;
				CLANG_WARN_INFINITE_RECURSION = YES;
				CLANG_WARN_INT_CONVERSION = YES;
				CLANG_WARN_NON_LITERAL_NULL_CONVERSION = YES;
				CLANG_WARN_OBJC_IMPLICIT_RETAIN_SELF = YES;
				CLANG_WARN_OBJC_LITERAL_CONVERSION = YES;
				CLANG_WARN_OBJC_ROOT_CLASS = YES_ERROR;
				CLANG_WARN_QUOTED_INCLUDE_IN_FRAMEWORK_HEADER = YES;
				CLANG_WARN_RANGE_LOOP_ANALYSIS = YES;
				CLANG_WARN_STRICT_PROTOTYPES = YES;
				CLANG_WARN_SUSPICIOUS_MOVE = YES;
				CLANG_WARN_UNGUARDED_AVAILABILITY = YES_AGGRESSIVE;
				CLANG_WARN_UNREACHABLE_CODE = YES;
				CLANG_WARN__DUPLICATE_METHOD_MATCH = YES;
				COPY_PHASE_STRIP = NO;
				DEAD_CODE_STRIPPING = YES;
				DEBUG_INFORMATION_FORMAT = dwarf;
				ENABLE_STRICT_OBJC_MSGSEND = YES;
				ENABLE_TESTABILITY = YES;
				ENABLE_USER_SCRIPT_SANDBOXING = YES;
				GCC_C_LANGUAGE_STANDARD = gnu11;
				GCC_DYNAMIC_NO_PIC = NO;
				GCC_NO_COMMON_BLOCKS = YES;
				GCC_OPTIMIZATION_LEVEL = 0;
				GCC_PREPROCESSOR_DEFINITIONS = (
					"DEBUG=1",
					"$(inherited)",
				);
				GCC_WARN_64_TO_32_BIT_CONVERSION = YES;
				GCC_WARN_ABOUT_RETURN_TYPE = YES_ERROR;
				GCC_WARN_UNDECLARED_SELECTOR = YES;
				GCC_WARN_UNINITIALIZED_AUTOS = YES_AGGRESSIVE;
				GCC_WARN_UNUSED_FUNCTION = YES;
				GCC_WARN_UNUSED_VARIABLE = YES;
				MTL_ENABLE_DEBUG_INFO = INCLUDE_SOURCE;
				MTL_FAST_MATH = YES;
				ONLY_ACTIVE_ARCH = YES;
				SWIFT_ACTIVE_COMPILATION_CONDITIONS = DEBUG;
				SWIFT_OPTIMIZATION_LEVEL = "-Onone";
			};
			name = Debug;
		};
		42B884E42F4C942100A50290 /* Release */ = {
			isa = XCBuildConfiguration;
			buildSettings = {
				ALWAYS_SEARCH_USER_PATHS = NO;
				ASSETCATALOG_COMPILER_GENERATE_SWIFT_ASSET_SYMBOL_EXTENSIONS = YES;
				CLANG_ANALYZER_NONNULL = YES;
				CLANG_ANALYZER_NUMBER_OBJECT_CONVERSION = YES_AGGRESSIVE;
				CLANG_CXX_LANGUAGE_STANDARD = "gnu++20";
				CLANG_ENABLE_MODULES = YES;
				CLANG_ENABLE_OBJC_ARC = YES;
				CLANG_ENABLE_OBJC_WEAK = YES;
				CLANG_WARN_BLOCK_CAPTURE_AUTORELEASING = YES;
				CLANG_WARN_BOOL_CONVERSION = YES;
				CLANG_WARN_COMMA = YES;
				CLANG_WARN_CONSTANT_CONVERSION = YES;
				CLANG_WARN_DEPRECATED_OBJC_IMPLEMENTATIONS = YES;
				CLANG_WARN_DIRECT_OBJC_ISA_USAGE = YES_ERROR;
				CLANG_WARN_DOCUMENTATION_COMMENTS = YES;
				CLANG_WARN_EMPTY_BODY = YES;
				CLANG_WARN_ENUM_CONVERSION = YES;
				CLANG_WARN_INFINITE_RECURSION = YES;
				CLANG_WARN_INT_CONVERSION = YES;
				CLANG_WARN_NON_LITERAL_NULL_CONVERSION = YES;
				CLANG_WARN_OBJC_IMPLICIT_RETAIN_SELF = YES;
				CLANG_WARN_OBJC_LITERAL_CONVERSION = YES;
				CLANG_WARN_OBJC_ROOT_CLASS = YES_ERROR;
				CLANG_WARN_QUOTED_INCLUDE_IN_FRAMEWORK_HEADER = YES;
				CLANG_WARN_RANGE_LOOP_ANALYSIS = YES;
				CLANG_WARN_STRICT_PROTOTYPES = YES;
				CLANG_WARN_SUSPICIOUS_MOVE = YES;
				CLANG_WARN_UNGUARDED_AVAILABILITY = YES_AGGRESSIVE;
				CLANG_WARN_UNREACHABLE_CODE = YES;
				CLANG_WARN__DUPLICATE_METHOD_MATCH = YES;
				COPY_PHASE_STRIP = NO;
				DEAD_CODE_STRIPPING = YES;
				DEBUG_INFORMATION_FORMAT = "dwarf-with-dsym";
				ENABLE_NS_ASSERTIONS = NO;
				ENABLE_STRICT_OBJC_MSGSEND = YES;
				ENABLE_USER_SCRIPT_SANDBOXING = YES;
				GCC_C_LANGUAGE_STANDARD = gnu11;
				GCC_NO_COMMON_BLOCKS = YES;
				GCC_WARN_64_TO_32_BIT_CONVERSION = YES;
				GCC_WARN_ABOUT_RETURN_TYPE = YES_ERROR;
				GCC_WARN_UNDECLARED_SELECTOR = YES;
				GCC_WARN_UNINITIALIZED_AUTOS = YES_AGGRESSIVE;
				GCC_WARN_UNUSED_FUNCTION = YES;
				GCC_WARN_UNUSED_VARIABLE = YES;
				MTL_ENABLE_DEBUG_INFO = NO;
				MTL_FAST_MATH = YES;
				SWIFT_COMPILATION_MODE = wholemodule;
				SWIFT_OPTIMIZATION_LEVEL = "-O";
			};
			name = Release;
		};
		42B884E62F4C942100A50290 /* Debug */ = {
			isa = XCBuildConfiguration;
			buildSettings = {
				ASSETCATALOG_COMPILER_APPICON_NAME = AppIcon;
				ASSETCATALOG_COMPILER_GLOBAL_ACCENT_COLOR_NAME = AccentColor;
				CODE_SIGN_ENTITLEMENTS = DragsterOS/DragsterOS.entitlements;
				"CODE_SIGN_IDENTITY[sdk=macosx*]" = "-";
				CODE_SIGN_STYLE = Automatic;
				CURRENT_PROJECT_VERSION = 1;
				DEAD_CODE_STRIPPING = YES;
				DEVELOPMENT_ASSET_PATHS = "\"DragsterOS/Preview Content\"";
				DEVELOPMENT_TEAM = BBE2254DK2;
				ENABLE_PREVIEWS = YES;
				GENERATE_INFOPLIST_FILE = YES;
				INFOPLIST_KEY_NSHealthShareUsageDescription = "Dragster OS needs to read your Engine Telemetry (Heart Rate) for calibration";
				INFOPLIST_KEY_NSHealthUpdateUsageDescription = "Dragster OS writes workout telemetry to your health profile.";
				"INFOPLIST_KEY_UIApplicationSceneManifest_Generation[sdk=iphoneos*]" = YES;
				"INFOPLIST_KEY_UIApplicationSceneManifest_Generation[sdk=iphonesimulator*]" = YES;
				"INFOPLIST_KEY_UIApplicationSupportsIndirectInputEvents[sdk=iphoneos*]" = YES;
				"INFOPLIST_KEY_UIApplicationSupportsIndirectInputEvents[sdk=iphonesimulator*]" = YES;
				"INFOPLIST_KEY_UILaunchScreen_Generation[sdk=iphoneos*]" = YES;
				"INFOPLIST_KEY_UILaunchScreen_Generation[sdk=iphonesimulator*]" = YES;
				"INFOPLIST_KEY_UIStatusBarStyle[sdk=iphoneos*]" = UIStatusBarStyleDefault;
				"INFOPLIST_KEY_UIStatusBarStyle[sdk=iphonesimulator*]" = UIStatusBarStyleDefault;
				INFOPLIST_KEY_UISupportedInterfaceOrientations_iPad = "UIInterfaceOrientationPortrait UIInterfaceOrientationPortraitUpsideDown UIInterfaceOrientationLandscapeLeft UIInterfaceOrientationLandscapeRight";
				INFOPLIST_KEY_UISupportedInterfaceOrientations_iPhone = "UIInterfaceOrientationPortrait UIInterfaceOrientationLandscapeLeft UIInterfaceOrientationLandscapeRight";
				IPHONEOS_DEPLOYMENT_TARGET = 17.6;
				LD_RUNPATH_SEARCH_PATHS = "@executable_path/Frameworks";
				"LD_RUNPATH_SEARCH_PATHS[sdk=macosx*]" = "@executable_path/../Frameworks";
				MACOSX_DEPLOYMENT_TARGET = 12.7;
				MARKETING_VERSION = 1.0;
				PRODUCT_BUNDLE_IDENTIFIER = com.specter.DragsterOS;
				PRODUCT_NAME = "$(TARGET_NAME)";
				SDKROOT = auto;
				SUPPORTED_PLATFORMS = "iphoneos iphonesimulator macosx";
				SWIFT_EMIT_LOC_STRINGS = YES;
				SWIFT_VERSION = 5.0;
				TARGETED_DEVICE_FAMILY = "1,2";
			};
			name = Debug;
		};
		42B884E72F4C942100A50290 /* Release */ = {
			isa = XCBuildConfiguration;
			buildSettings = {
				ASSETCATALOG_COMPILER_APPICON_NAME = AppIcon;
				ASSETCATALOG_COMPILER_GLOBAL_ACCENT_COLOR_NAME = AccentColor;
				CODE_SIGN_ENTITLEMENTS = DragsterOS/DragsterOS.entitlements;
				"CODE_SIGN_IDENTITY[sdk=macosx*]" = "-";
				CODE_SIGN_STYLE = Automatic;
				CURRENT_PROJECT_VERSION = 1;
				DEAD_CODE_STRIPPING = YES;
				DEVELOPMENT_ASSET_PATHS = "\"DragsterOS/Preview Content\"";
				DEVELOPMENT_TEAM = BBE2254DK2;
				ENABLE_PREVIEWS = YES;
				GENERATE_INFOPLIST_FILE = YES;
				INFOPLIST_KEY_NSHealthShareUsageDescription = "Dragster OS needs to read your Engine Telemetry (Heart Rate) for calibration";
				INFOPLIST_KEY_NSHealthUpdateUsageDescription = "Dragster OS writes workout telemetry to your health profile.";
				"INFOPLIST_KEY_UIApplicationSceneManifest_Generation[sdk=iphoneos*]" = YES;
				"INFOPLIST_KEY_UIApplicationSceneManifest_Generation[sdk=iphonesimulator*]" = YES;
				"INFOPLIST_KEY_UIApplicationSupportsIndirectInputEvents[sdk=iphoneos*]" = YES;
				"INFOPLIST_KEY_UIApplicationSupportsIndirectInputEvents[sdk=iphonesimulator*]" = YES;
				"INFOPLIST_KEY_UILaunchScreen_Generation[sdk=iphoneos*]" = YES;
				"INFOPLIST_KEY_UILaunchScreen_Generation[sdk=iphonesimulator*]" = YES;
				"INFOPLIST_KEY_UIStatusBarStyle[sdk=iphoneos*]" = UIStatusBarStyleDefault;
				"INFOPLIST_KEY_UIStatusBarStyle[sdk=iphonesimulator*]" = UIStatusBarStyleDefault;
				INFOPLIST_KEY_UISupportedInterfaceOrientations_iPad = "UIInterfaceOrientationPortrait UIInterfaceOrientationPortraitUpsideDown UIInterfaceOrientationLandscapeLeft UIInterfaceOrientationLandscapeRight";
				INFOPLIST_KEY_UISupportedInterfaceOrientations_iPhone = "UIInterfaceOrientationPortrait UIInterfaceOrientationLandscapeLeft UIInterfaceOrientationLandscapeRight";
				IPHONEOS_DEPLOYMENT_TARGET = 17.6;
				LD_RUNPATH_SEARCH_PATHS = "@executable_path/Frameworks";
				"LD_RUNPATH_SEARCH_PATHS[sdk=macosx*]" = "@executable_path/../Frameworks";
				MACOSX_DEPLOYMENT_TARGET = 12.7;
				MARKETING_VERSION = 1.0;
				PRODUCT_BUNDLE_IDENTIFIER = com.specter.DragsterOS;
				PRODUCT_NAME = "$(TARGET_NAME)";
				SDKROOT = auto;
				SUPPORTED_PLATFORMS = "iphoneos iphonesimulator macosx";
				SWIFT_EMIT_LOC_STRINGS = YES;
				SWIFT_VERSION = 5.0;
				TARGETED_DEVICE_FAMILY = "1,2";
			};
			name = Release;
		};
/* End XCBuildConfiguration section */

/* Begin XCConfigurationList section */
		42B884CC2F4C941A00A50290 /* Build configuration list for PBXProject "DragsterOS" */ = {
			isa = XCConfigurationList;
			buildConfigurations = (
				42B884E32F4C942100A50290 /* Debug */,
				42B884E42F4C942100A50290 /* Release */,
			);
			defaultConfigurationIsVisible = 0;
			defaultConfigurationName = Release;
		};
		42B884E52F4C942100A50290 /* Build configuration list for PBXNativeTarget "DragsterOS" */ = {
			isa = XCConfigurationList;
			buildConfigurations = (
				42B884E62F4C942100A50290 /* Debug */,
				42B884E72F4C942100A50290 /* Release */,
			);
			defaultConfigurationIsVisible = 0;
			defaultConfigurationName = Release;
		};
/* End XCConfigurationList section */

/* Begin XCVersionGroup section */
		42B884D82F4C941A00A50290 /* DragsterOS.xcdatamodeld */ = {
			isa = XCVersionGroup;
			children = (
				42B884D92F4C941A00A50290 /* DragsterOS.xcdatamodel */,
			);
			currentVersion = 42B884D92F4C941A00A50290 /* DragsterOS.xcdatamodel */;
			path = DragsterOS.xcdatamodeld;
			sourceTree = "<group>";
			versionGroupType = wrapper.xcdatamodel;
		};
/* End XCVersionGroup section */
	};
	rootObject = 42B884C92F4C941A00A50290 /* Project object */;
}
